// !$*UTF8*$!
{
	archiveVersion = 1;
	classes = {
	};
	objectVersion = 46;
	objects = {

/* Begin PBXBuildFile section */
		24C017511CE7637E00AEF4F6 /* APIService.swift in Sources */ = {isa = PBXBuildFile; fileRef = 24C0174E1CE7637E00AEF4F6 /* APIService.swift */; };
		2B82BF2F9A9D753E01D7F30F /* Pods_Smultron.framework in Frameworks */ = {isa = PBXBuildFile; fileRef = ECF800F7D5AA1DF89278435D /* Pods_Smultron.framework */; };
		A989F3421CE7057F00C736E4 /* DraggableViewBackground.swift in Sources */ = {isa = PBXBuildFile; fileRef = A989F3411CE7057F00C736E4 /* DraggableViewBackground.swift */; };
		A989F3441CE705B400C736E4 /* DraggableView.swift in Sources */ = {isa = PBXBuildFile; fileRef = A989F3431CE705B400C736E4 /* DraggableView.swift */; };
		A989F3461CE705D800C736E4 /* OverlayView.swift in Sources */ = {isa = PBXBuildFile; fileRef = A989F3451CE705D800C736E4 /* OverlayView.swift */; };
		A989F3481CE7067F00C736E4 /* Images.xcassets in Resources */ = {isa = PBXBuildFile; fileRef = A989F3471CE7067F00C736E4 /* Images.xcassets */; };
		A989F34A1CE7136400C736E4 /* MatchViewController.swift in Sources */ = {isa = PBXBuildFile; fileRef = A989F3491CE7136400C736E4 /* MatchViewController.swift */; };
		A989F34C1CE7236900C736E4 /* test.jpg in Resources */ = {isa = PBXBuildFile; fileRef = A989F34B1CE7236900C736E4 /* test.jpg */; };
		A989F34E1CE7394900C736E4 /* MobileCoreServices.framework in Frameworks */ = {isa = PBXBuildFile; fileRef = A989F34D1CE7394900C736E4 /* MobileCoreServices.framework */; };
		A989F3501CE73CAE00C736E4 /* Security.framework in Frameworks */ = {isa = PBXBuildFile; fileRef = A989F34F1CE73CAE00C736E4 /* Security.framework */; };
		A989F3521CE73CBE00C736E4 /* CFNetwork.framework in Frameworks */ = {isa = PBXBuildFile; fileRef = A989F3511CE73CBE00C736E4 /* CFNetwork.framework */; };
		A989F3541CE73CCC00C736E4 /* SystemConfiguration.framework in Frameworks */ = {isa = PBXBuildFile; fileRef = A989F3531CE73CCC00C736E4 /* SystemConfiguration.framework */; };
		A989F3561CE73CD600C736E4 /* CoreData.framework in Frameworks */ = {isa = PBXBuildFile; fileRef = A989F3551CE73CD600C736E4 /* CoreData.framework */; };
		A989F3581CE73CE000C736E4 /* UIKit.framework in Frameworks */ = {isa = PBXBuildFile; fileRef = A989F3571CE73CE000C736E4 /* UIKit.framework */; };
		A989F35A1CE73CEC00C736E4 /* Foundation.framework in Frameworks */ = {isa = PBXBuildFile; fileRef = A989F3591CE73CEC00C736E4 /* Foundation.framework */; };
		A989F35C1CE73CF300C736E4 /* CoreGraphics.framework in Frameworks */ = {isa = PBXBuildFile; fileRef = A989F35B1CE73CF300C736E4 /* CoreGraphics.framework */; };
		A9CEC8CB1CE7546F00F04BB2 /* smultron.jpg in Resources */ = {isa = PBXBuildFile; fileRef = A9CEC8CA1CE7546E00F04BB2 /* smultron.jpg */; };
		A9CEC8CF1CE762C600F04BB2 /* smultron-logo.png in Resources */ = {isa = PBXBuildFile; fileRef = A9CEC8CE1CE762C600F04BB2 /* smultron-logo.png */; };
		A9CEC8D11CE77C6C00F04BB2 /* Logo.png in Resources */ = {isa = PBXBuildFile; fileRef = A9CEC8D01CE77C6C00F04BB2 /* Logo.png */; };
		A9DF3FC81CE46AF2000EA6FB /* AppDelegate.swift in Sources */ = {isa = PBXBuildFile; fileRef = A9DF3FC71CE46AF2000EA6FB /* AppDelegate.swift */; };
		A9DF3FCA1CE46AF2000EA6FB /* MasterViewController.swift in Sources */ = {isa = PBXBuildFile; fileRef = A9DF3FC91CE46AF2000EA6FB /* MasterViewController.swift */; };
		A9DF3FCC1CE46AF2000EA6FB /* DetailViewController.swift in Sources */ = {isa = PBXBuildFile; fileRef = A9DF3FCB1CE46AF2000EA6FB /* DetailViewController.swift */; };
		A9DF3FCF1CE46AF2000EA6FB /* Main.storyboard in Resources */ = {isa = PBXBuildFile; fileRef = A9DF3FCD1CE46AF2000EA6FB /* Main.storyboard */; };
		A9DF3FD11CE46AF2000EA6FB /* Assets.xcassets in Resources */ = {isa = PBXBuildFile; fileRef = A9DF3FD01CE46AF2000EA6FB /* Assets.xcassets */; };
		A9DF3FD41CE46AF2000EA6FB /* LaunchScreen.storyboard in Resources */ = {isa = PBXBuildFile; fileRef = A9DF3FD21CE46AF2000EA6FB /* LaunchScreen.storyboard */; };
		A9DF3FDF1CE46AF2000EA6FB /* SmultronTests.swift in Sources */ = {isa = PBXBuildFile; fileRef = A9DF3FDE1CE46AF2000EA6FB /* SmultronTests.swift */; };
		A9DF3FEA1CE46AF2000EA6FB /* SmultronUITests.swift in Sources */ = {isa = PBXBuildFile; fileRef = A9DF3FE91CE46AF2000EA6FB /* SmultronUITests.swift */; };
/* End PBXBuildFile section */

/* Begin PBXContainerItemProxy section */
		A9DF3FDB1CE46AF2000EA6FB /* PBXContainerItemProxy */ = {
			isa = PBXContainerItemProxy;
			containerPortal = A9DF3FBC1CE46AF1000EA6FB /* Project object */;
			proxyType = 1;
			remoteGlobalIDString = A9DF3FC31CE46AF1000EA6FB;
			remoteInfo = Smultron;
		};
		A9DF3FE61CE46AF2000EA6FB /* PBXContainerItemProxy */ = {
			isa = PBXContainerItemProxy;
			containerPortal = A9DF3FBC1CE46AF1000EA6FB /* Project object */;
			proxyType = 1;
			remoteGlobalIDString = A9DF3FC31CE46AF1000EA6FB;
			remoteInfo = Smultron;
		};
/* End PBXContainerItemProxy section */

/* Begin PBXFileReference section */
		24C0174E1CE7637E00AEF4F6 /* APIService.swift */ = {isa = PBXFileReference; fileEncoding = 4; lastKnownFileType = sourcecode.swift; path = APIService.swift; sourceTree = "<group>"; };
		67731C71E764CD896A339D74 /* Pods-Smultron.debug.xcconfig */ = {isa = PBXFileReference; includeInIndex = 1; lastKnownFileType = text.xcconfig; name = "Pods-Smultron.debug.xcconfig"; path = "Pods/Target Support Files/Pods-Smultron/Pods-Smultron.debug.xcconfig"; sourceTree = "<group>"; };
		A989F3411CE7057F00C736E4 /* DraggableViewBackground.swift */ = {isa = PBXFileReference; fileEncoding = 4; lastKnownFileType = sourcecode.swift; path = DraggableViewBackground.swift; sourceTree = "<group>"; };
		A989F3431CE705B400C736E4 /* DraggableView.swift */ = {isa = PBXFileReference; fileEncoding = 4; lastKnownFileType = sourcecode.swift; path = DraggableView.swift; sourceTree = "<group>"; };
		A989F3451CE705D800C736E4 /* OverlayView.swift */ = {isa = PBXFileReference; fileEncoding = 4; lastKnownFileType = sourcecode.swift; path = OverlayView.swift; sourceTree = "<group>"; };
		A989F3471CE7067F00C736E4 /* Images.xcassets */ = {isa = PBXFileReference; lastKnownFileType = folder.assetcatalog; path = Images.xcassets; sourceTree = "<group>"; };
		A989F3491CE7136400C736E4 /* MatchViewController.swift */ = {isa = PBXFileReference; fileEncoding = 4; lastKnownFileType = sourcecode.swift; path = MatchViewController.swift; sourceTree = "<group>"; };
		A989F34B1CE7236900C736E4 /* test.jpg */ = {isa = PBXFileReference; lastKnownFileType = image.jpeg; path = test.jpg; sourceTree = "<group>"; };
		A989F34D1CE7394900C736E4 /* MobileCoreServices.framework */ = {isa = PBXFileReference; lastKnownFileType = wrapper.framework; name = MobileCoreServices.framework; path = System/Library/Frameworks/MobileCoreServices.framework; sourceTree = SDKROOT; };
		A989F34F1CE73CAE00C736E4 /* Security.framework */ = {isa = PBXFileReference; lastKnownFileType = wrapper.framework; name = Security.framework; path = System/Library/Frameworks/Security.framework; sourceTree = SDKROOT; };
		A989F3511CE73CBE00C736E4 /* CFNetwork.framework */ = {isa = PBXFileReference; lastKnownFileType = wrapper.framework; name = CFNetwork.framework; path = System/Library/Frameworks/CFNetwork.framework; sourceTree = SDKROOT; };
		A989F3531CE73CCC00C736E4 /* SystemConfiguration.framework */ = {isa = PBXFileReference; lastKnownFileType = wrapper.framework; name = SystemConfiguration.framework; path = System/Library/Frameworks/SystemConfiguration.framework; sourceTree = SDKROOT; };
		A989F3551CE73CD600C736E4 /* CoreData.framework */ = {isa = PBXFileReference; lastKnownFileType = wrapper.framework; name = CoreData.framework; path = System/Library/Frameworks/CoreData.framework; sourceTree = SDKROOT; };
		A989F3571CE73CE000C736E4 /* UIKit.framework */ = {isa = PBXFileReference; lastKnownFileType = wrapper.framework; name = UIKit.framework; path = System/Library/Frameworks/UIKit.framework; sourceTree = SDKROOT; };
		A989F3591CE73CEC00C736E4 /* Foundation.framework */ = {isa = PBXFileReference; lastKnownFileType = wrapper.framework; name = Foundation.framework; path = System/Library/Frameworks/Foundation.framework; sourceTree = SDKROOT; };
		A989F35B1CE73CF300C736E4 /* CoreGraphics.framework */ = {isa = PBXFileReference; lastKnownFileType = wrapper.framework; name = CoreGraphics.framework; path = System/Library/Frameworks/CoreGraphics.framework; sourceTree = SDKROOT; };
		A9CEC8CA1CE7546E00F04BB2 /* smultron.jpg */ = {isa = PBXFileReference; lastKnownFileType = image.jpeg; path = smultron.jpg; sourceTree = "<group>"; };
		A9CEC8CE1CE762C600F04BB2 /* smultron-logo.png */ = {isa = PBXFileReference; lastKnownFileType = image.png; path = "smultron-logo.png"; sourceTree = "<group>"; };
		A9CEC8D01CE77C6C00F04BB2 /* Logo.png */ = {isa = PBXFileReference; lastKnownFileType = image.png; path = Logo.png; sourceTree = "<group>"; };
		A9DF3FC41CE46AF2000EA6FB /* Smultron.app */ = {isa = PBXFileReference; explicitFileType = wrapper.application; includeInIndex = 0; path = Smultron.app; sourceTree = BUILT_PRODUCTS_DIR; };
		A9DF3FC71CE46AF2000EA6FB /* AppDelegate.swift */ = {isa = PBXFileReference; lastKnownFileType = sourcecode.swift; path = AppDelegate.swift; sourceTree = "<group>"; };
		A9DF3FC91CE46AF2000EA6FB /* MasterViewController.swift */ = {isa = PBXFileReference; lastKnownFileType = sourcecode.swift; path = MasterViewController.swift; sourceTree = "<group>"; };
		A9DF3FCB1CE46AF2000EA6FB /* DetailViewController.swift */ = {isa = PBXFileReference; lastKnownFileType = sourcecode.swift; path = DetailViewController.swift; sourceTree = "<group>"; };
		A9DF3FCE1CE46AF2000EA6FB /* Base */ = {isa = PBXFileReference; lastKnownFileType = file.storyboard; name = Base; path = Base.lproj/Main.storyboard; sourceTree = "<group>"; };
		A9DF3FD01CE46AF2000EA6FB /* Assets.xcassets */ = {isa = PBXFileReference; lastKnownFileType = folder.assetcatalog; path = Assets.xcassets; sourceTree = "<group>"; };
		A9DF3FD31CE46AF2000EA6FB /* Base */ = {isa = PBXFileReference; lastKnownFileType = file.storyboard; name = Base; path = Base.lproj/LaunchScreen.storyboard; sourceTree = "<group>"; };
		A9DF3FD51CE46AF2000EA6FB /* Info.plist */ = {isa = PBXFileReference; lastKnownFileType = text.plist.xml; path = Info.plist; sourceTree = "<group>"; };
		A9DF3FDA1CE46AF2000EA6FB /* SmultronTests.xctest */ = {isa = PBXFileReference; explicitFileType = wrapper.cfbundle; includeInIndex = 0; path = SmultronTests.xctest; sourceTree = BUILT_PRODUCTS_DIR; };
		A9DF3FDE1CE46AF2000EA6FB /* SmultronTests.swift */ = {isa = PBXFileReference; lastKnownFileType = sourcecode.swift; path = SmultronTests.swift; sourceTree = "<group>"; };
		A9DF3FE01CE46AF2000EA6FB /* Info.plist */ = {isa = PBXFileReference; lastKnownFileType = text.plist.xml; path = Info.plist; sourceTree = "<group>"; };
		A9DF3FE51CE46AF2000EA6FB /* SmultronUITests.xctest */ = {isa = PBXFileReference; explicitFileType = wrapper.cfbundle; includeInIndex = 0; path = SmultronUITests.xctest; sourceTree = BUILT_PRODUCTS_DIR; };
		A9DF3FE91CE46AF2000EA6FB /* SmultronUITests.swift */ = {isa = PBXFileReference; lastKnownFileType = sourcecode.swift; path = SmultronUITests.swift; sourceTree = "<group>"; };
		A9DF3FEB1CE46AF2000EA6FB /* Info.plist */ = {isa = PBXFileReference; lastKnownFileType = text.plist.xml; path = Info.plist; sourceTree = "<group>"; };
		D65E0CF3C014E31E0DC24046 /* Pods-Smultron.release.xcconfig */ = {isa = PBXFileReference; includeInIndex = 1; lastKnownFileType = text.xcconfig; name = "Pods-Smultron.release.xcconfig"; path = "Pods/Target Support Files/Pods-Smultron/Pods-Smultron.release.xcconfig"; sourceTree = "<group>"; };
		ECF800F7D5AA1DF89278435D /* Pods_Smultron.framework */ = {isa = PBXFileReference; explicitFileType = wrapper.framework; includeInIndex = 0; path = Pods_Smultron.framework; sourceTree = BUILT_PRODUCTS_DIR; };
/* End PBXFileReference section */

/* Begin PBXFrameworksBuildPhase section */
		A9DF3FC11CE46AF1000EA6FB /* Frameworks */ = {
			isa = PBXFrameworksBuildPhase;
			buildActionMask = 2147483647;
			files = (
				A989F35C1CE73CF300C736E4 /* CoreGraphics.framework in Frameworks */,
				A989F35A1CE73CEC00C736E4 /* Foundation.framework in Frameworks */,
				A989F3581CE73CE000C736E4 /* UIKit.framework in Frameworks */,
				A989F3561CE73CD600C736E4 /* CoreData.framework in Frameworks */,
				A989F3541CE73CCC00C736E4 /* SystemConfiguration.framework in Frameworks */,
				A989F3521CE73CBE00C736E4 /* CFNetwork.framework in Frameworks */,
				A989F3501CE73CAE00C736E4 /* Security.framework in Frameworks */,
				A989F34E1CE7394900C736E4 /* MobileCoreServices.framework in Frameworks */,
				2B82BF2F9A9D753E01D7F30F /* Pods_Smultron.framework in Frameworks */,
			);
			runOnlyForDeploymentPostprocessing = 0;
		};
		A9DF3FD71CE46AF2000EA6FB /* Frameworks */ = {
			isa = PBXFrameworksBuildPhase;
			buildActionMask = 2147483647;
			files = (
			);
			runOnlyForDeploymentPostprocessing = 0;
		};
		A9DF3FE21CE46AF2000EA6FB /* Frameworks */ = {
			isa = PBXFrameworksBuildPhase;
			buildActionMask = 2147483647;
			files = (
			);
			runOnlyForDeploymentPostprocessing = 0;
		};
/* End PBXFrameworksBuildPhase section */

/* Begin PBXGroup section */
		1F7BA3C7E3EE95A98AD9B94A /* Frameworks */ = {
			isa = PBXGroup;
			children = (
				A989F35B1CE73CF300C736E4 /* CoreGraphics.framework */,
				A989F3591CE73CEC00C736E4 /* Foundation.framework */,
				A989F3571CE73CE000C736E4 /* UIKit.framework */,
				A989F3551CE73CD600C736E4 /* CoreData.framework */,
				A989F3531CE73CCC00C736E4 /* SystemConfiguration.framework */,
				A989F3511CE73CBE00C736E4 /* CFNetwork.framework */,
				A989F34F1CE73CAE00C736E4 /* Security.framework */,
				A989F34D1CE7394900C736E4 /* MobileCoreServices.framework */,
				ECF800F7D5AA1DF89278435D /* Pods_Smultron.framework */,
			);
			name = Frameworks;
			sourceTree = "<group>";
		};
		24C0174D1CE7637E00AEF4F6 /* api */ = {
			isa = PBXGroup;
			children = (
				24C0174E1CE7637E00AEF4F6 /* APIService.swift */,
			);
			path = api;
			sourceTree = "<group>";
		};
		A9DF3FBB1CE46AF1000EA6FB = {
			isa = PBXGroup;
			children = (
				A9DF3FC61CE46AF2000EA6FB /* Smultron */,
				A9DF3FDD1CE46AF2000EA6FB /* SmultronTests */,
				A9DF3FE81CE46AF2000EA6FB /* SmultronUITests */,
				A9DF3FC51CE46AF2000EA6FB /* Products */,
				EA836FC0E3176468F40276CA /* Pods */,
				1F7BA3C7E3EE95A98AD9B94A /* Frameworks */,
			);
			sourceTree = "<group>";
		};
		A9DF3FC51CE46AF2000EA6FB /* Products */ = {
			isa = PBXGroup;
			children = (
				A9DF3FC41CE46AF2000EA6FB /* Smultron.app */,
				A9DF3FDA1CE46AF2000EA6FB /* SmultronTests.xctest */,
				A9DF3FE51CE46AF2000EA6FB /* SmultronUITests.xctest */,
			);
			name = Products;
			sourceTree = "<group>";
		};
		A9DF3FC61CE46AF2000EA6FB /* Smultron */ = {
			isa = PBXGroup;
			children = (
				24C0174D1CE7637E00AEF4F6 /* api */,
				A9CEC8CA1CE7546E00F04BB2 /* smultron.jpg */,
				A9CEC8CE1CE762C600F04BB2 /* smultron-logo.png */,
				A989F34B1CE7236900C736E4 /* test.jpg */,
				A9CEC8D01CE77C6C00F04BB2 /* Logo.png */,
				A9DF3FC71CE46AF2000EA6FB /* AppDelegate.swift */,
				A9DF3FC91CE46AF2000EA6FB /* MasterViewController.swift */,
				A9DF3FCB1CE46AF2000EA6FB /* DetailViewController.swift */,
				A9DF3FCD1CE46AF2000EA6FB /* Main.storyboard */,
				A9DF3FD01CE46AF2000EA6FB /* Assets.xcassets */,
				A989F3471CE7067F00C736E4 /* Images.xcassets */,
				A9DF3FD21CE46AF2000EA6FB /* LaunchScreen.storyboard */,
				A9DF3FD51CE46AF2000EA6FB /* Info.plist */,
				A989F3411CE7057F00C736E4 /* DraggableViewBackground.swift */,
				A989F3431CE705B400C736E4 /* DraggableView.swift */,
				A989F3451CE705D800C736E4 /* OverlayView.swift */,
				A989F3491CE7136400C736E4 /* MatchViewController.swift */,
			);
			path = Smultron;
			sourceTree = "<group>";
		};
		A9DF3FDD1CE46AF2000EA6FB /* SmultronTests */ = {
			isa = PBXGroup;
			children = (
				A9DF3FDE1CE46AF2000EA6FB /* SmultronTests.swift */,
				A9DF3FE01CE46AF2000EA6FB /* Info.plist */,
			);
			path = SmultronTests;
			sourceTree = "<group>";
		};
		A9DF3FE81CE46AF2000EA6FB /* SmultronUITests */ = {
			isa = PBXGroup;
			children = (
				A9DF3FE91CE46AF2000EA6FB /* SmultronUITests.swift */,
				A9DF3FEB1CE46AF2000EA6FB /* Info.plist */,
			);
			path = SmultronUITests;
			sourceTree = "<group>";
		};
		EA836FC0E3176468F40276CA /* Pods */ = {
			isa = PBXGroup;
			children = (
				67731C71E764CD896A339D74 /* Pods-Smultron.debug.xcconfig */,
				D65E0CF3C014E31E0DC24046 /* Pods-Smultron.release.xcconfig */,
			);
			name = Pods;
			sourceTree = "<group>";
		};
/* End PBXGroup section */

/* Begin PBXNativeTarget section */
		A9DF3FC31CE46AF1000EA6FB /* Smultron */ = {
			isa = PBXNativeTarget;
			buildConfigurationList = A9DF3FEE1CE46AF2000EA6FB /* Build configuration list for PBXNativeTarget "Smultron" */;
			buildPhases = (
				49635756996E97CD20BC4FCE /* 📦 Check Pods Manifest.lock */,
				A9DF3FC01CE46AF1000EA6FB /* Sources */,
				A9DF3FC11CE46AF1000EA6FB /* Frameworks */,
				A9DF3FC21CE46AF1000EA6FB /* Resources */,
				68E53192AA44F82D662B15C5 /* 📦 Embed Pods Frameworks */,
				7C28C26A87F3C601E1D4E054 /* 📦 Copy Pods Resources */,
			);
			buildRules = (
			);
			dependencies = (
			);
			name = Smultron;
			productName = Smultron;
			productReference = A9DF3FC41CE46AF2000EA6FB /* Smultron.app */;
			productType = "com.apple.product-type.application";
		};
		A9DF3FD91CE46AF2000EA6FB /* SmultronTests */ = {
			isa = PBXNativeTarget;
			buildConfigurationList = A9DF3FF11CE46AF2000EA6FB /* Build configuration list for PBXNativeTarget "SmultronTests" */;
			buildPhases = (
				A9DF3FD61CE46AF2000EA6FB /* Sources */,
				A9DF3FD71CE46AF2000EA6FB /* Frameworks */,
				A9DF3FD81CE46AF2000EA6FB /* Resources */,
			);
			buildRules = (
			);
			dependencies = (
				A9DF3FDC1CE46AF2000EA6FB /* PBXTargetDependency */,
			);
			name = SmultronTests;
			productName = SmultronTests;
			productReference = A9DF3FDA1CE46AF2000EA6FB /* SmultronTests.xctest */;
			productType = "com.apple.product-type.bundle.unit-test";
		};
		A9DF3FE41CE46AF2000EA6FB /* SmultronUITests */ = {
			isa = PBXNativeTarget;
			buildConfigurationList = A9DF3FF41CE46AF2000EA6FB /* Build configuration list for PBXNativeTarget "SmultronUITests" */;
			buildPhases = (
				A9DF3FE11CE46AF2000EA6FB /* Sources */,
				A9DF3FE21CE46AF2000EA6FB /* Frameworks */,
				A9DF3FE31CE46AF2000EA6FB /* Resources */,
			);
			buildRules = (
			);
			dependencies = (
				A9DF3FE71CE46AF2000EA6FB /* PBXTargetDependency */,
			);
			name = SmultronUITests;
			productName = SmultronUITests;
			productReference = A9DF3FE51CE46AF2000EA6FB /* SmultronUITests.xctest */;
			productType = "com.apple.product-type.bundle.ui-testing";
		};
/* End PBXNativeTarget section */

/* Begin PBXProject section */
		A9DF3FBC1CE46AF1000EA6FB /* Project object */ = {
			isa = PBXProject;
			attributes = {
				LastSwiftUpdateCheck = 0730;
				LastUpgradeCheck = 0730;
				ORGANIZATIONNAME = "Marco Koivisto";
				TargetAttributes = {
					A9DF3FC31CE46AF1000EA6FB = {
						CreatedOnToolsVersion = 7.3.1;
						DevelopmentTeam = WF2QRDBF6Q;
					};
					A9DF3FD91CE46AF2000EA6FB = {
						CreatedOnToolsVersion = 7.3.1;
						DevelopmentTeam = TC3JJMVCQE;
						TestTargetID = A9DF3FC31CE46AF1000EA6FB;
					};
					A9DF3FE41CE46AF2000EA6FB = {
						CreatedOnToolsVersion = 7.3.1;
						DevelopmentTeam = TC3JJMVCQE;
						TestTargetID = A9DF3FC31CE46AF1000EA6FB;
					};
				};
			};
			buildConfigurationList = A9DF3FBF1CE46AF1000EA6FB /* Build configuration list for PBXProject "Smultron" */;
			compatibilityVersion = "Xcode 3.2";
			developmentRegion = English;
			hasScannedForEncodings = 0;
			knownRegions = (
				en,
				Base,
			);
			mainGroup = A9DF3FBB1CE46AF1000EA6FB;
			productRefGroup = A9DF3FC51CE46AF2000EA6FB /* Products */;
			projectDirPath = "";
			projectRoot = "";
			targets = (
				A9DF3FC31CE46AF1000EA6FB /* Smultron */,
				A9DF3FD91CE46AF2000EA6FB /* SmultronTests */,
				A9DF3FE41CE46AF2000EA6FB /* SmultronUITests */,
			);
		};
/* End PBXProject section */

/* Begin PBXResourcesBuildPhase section */
		A9DF3FC21CE46AF1000EA6FB /* Resources */ = {
			isa = PBXResourcesBuildPhase;
			buildActionMask = 2147483647;
			files = (
				A9DF3FD41CE46AF2000EA6FB /* LaunchScreen.storyboard in Resources */,
				A989F34C1CE7236900C736E4 /* test.jpg in Resources */,
				A989F3481CE7067F00C736E4 /* Images.xcassets in Resources */,
				A9CEC8CF1CE762C600F04BB2 /* smultron-logo.png in Resources */,
				A9CEC8D11CE77C6C00F04BB2 /* Logo.png in Resources */,
				A9CEC8CB1CE7546F00F04BB2 /* smultron.jpg in Resources */,
				A9DF3FD11CE46AF2000EA6FB /* Assets.xcassets in Resources */,
				A9DF3FCF1CE46AF2000EA6FB /* Main.storyboard in Resources */,
			);
			runOnlyForDeploymentPostprocessing = 0;
		};
		A9DF3FD81CE46AF2000EA6FB /* Resources */ = {
			isa = PBXResourcesBuildPhase;
			buildActionMask = 2147483647;
			files = (
			);
			runOnlyForDeploymentPostprocessing = 0;
		};
		A9DF3FE31CE46AF2000EA6FB /* Resources */ = {
			isa = PBXResourcesBuildPhase;
			buildActionMask = 2147483647;
			files = (
			);
			runOnlyForDeploymentPostprocessing = 0;
		};
/* End PBXResourcesBuildPhase section */

/* Begin PBXShellScriptBuildPhase section */
		49635756996E97CD20BC4FCE /* 📦 Check Pods Manifest.lock */ = {
			isa = PBXShellScriptBuildPhase;
			buildActionMask = 2147483647;
			files = (
			);
			inputPaths = (
			);
			name = "📦 Check Pods Manifest.lock";
			outputPaths = (
			);
			runOnlyForDeploymentPostprocessing = 0;
			shellPath = /bin/sh;
			shellScript = "diff \"${PODS_ROOT}/../Podfile.lock\" \"${PODS_ROOT}/Manifest.lock\" > /dev/null\nif [[ $? != 0 ]] ; then\n    cat << EOM\nerror: The sandbox is not in sync with the Podfile.lock. Run 'pod install' or update your CocoaPods installation.\nEOM\n    exit 1\nfi\n";
			showEnvVarsInLog = 0;
		};
		68E53192AA44F82D662B15C5 /* 📦 Embed Pods Frameworks */ = {
			isa = PBXShellScriptBuildPhase;
			buildActionMask = 2147483647;
			files = (
			);
			inputPaths = (
			);
			name = "📦 Embed Pods Frameworks";
			outputPaths = (
			);
			runOnlyForDeploymentPostprocessing = 0;
			shellPath = /bin/sh;
			shellScript = "\"${SRCROOT}/Pods/Target Support Files/Pods-Smultron/Pods-Smultron-frameworks.sh\"\n";
			showEnvVarsInLog = 0;
		};
		7C28C26A87F3C601E1D4E054 /* 📦 Copy Pods Resources */ = {
			isa = PBXShellScriptBuildPhase;
			buildActionMask = 2147483647;
			files = (
			);
			inputPaths = (
			);
			name = "📦 Copy Pods Resources";
			outputPaths = (
			);
			runOnlyForDeploymentPostprocessing = 0;
			shellPath = /bin/sh;
			shellScript = "\"${SRCROOT}/Pods/Target Support Files/Pods-Smultron/Pods-Smultron-resources.sh\"\n";
			showEnvVarsInLog = 0;
		};
/* End PBXShellScriptBuildPhase section */

/* Begin PBXSourcesBuildPhase section */
		A9DF3FC01CE46AF1000EA6FB /* Sources */ = {
			isa = PBXSourcesBuildPhase;
			buildActionMask = 2147483647;
			files = (
				A989F3421CE7057F00C736E4 /* DraggableViewBackground.swift in Sources */,
				A9DF3FCC1CE46AF2000EA6FB /* DetailViewController.swift in Sources */,
				A9DF3FCA1CE46AF2000EA6FB /* MasterViewController.swift in Sources */,
				A989F3461CE705D800C736E4 /* OverlayView.swift in Sources */,
				A989F34A1CE7136400C736E4 /* MatchViewController.swift in Sources */,
				A989F3441CE705B400C736E4 /* DraggableView.swift in Sources */,
				24C017511CE7637E00AEF4F6 /* APIService.swift in Sources */,
				A9DF3FC81CE46AF2000EA6FB /* AppDelegate.swift in Sources */,
			);
			runOnlyForDeploymentPostprocessing = 0;
		};
		A9DF3FD61CE46AF2000EA6FB /* Sources */ = {
			isa = PBXSourcesBuildPhase;
			buildActionMask = 2147483647;
			files = (
				A9DF3FDF1CE46AF2000EA6FB /* SmultronTests.swift in Sources */,
			);
			runOnlyForDeploymentPostprocessing = 0;
		};
		A9DF3FE11CE46AF2000EA6FB /* Sources */ = {
			isa = PBXSourcesBuildPhase;
			buildActionMask = 2147483647;
			files = (
				A9DF3FEA1CE46AF2000EA6FB /* SmultronUITests.swift in Sources */,
			);
			runOnlyForDeploymentPostprocessing = 0;
		};
/* End PBXSourcesBuildPhase section */

/* Begin PBXTargetDependency section */
		A9DF3FDC1CE46AF2000EA6FB /* PBXTargetDependency */ = {
			isa = PBXTargetDependency;
			target = A9DF3FC31CE46AF1000EA6FB /* Smultron */;
			targetProxy = A9DF3FDB1CE46AF2000EA6FB /* PBXContainerItemProxy */;
		};
		A9DF3FE71CE46AF2000EA6FB /* PBXTargetDependency */ = {
			isa = PBXTargetDependency;
			target = A9DF3FC31CE46AF1000EA6FB /* Smultron */;
			targetProxy = A9DF3FE61CE46AF2000EA6FB /* PBXContainerItemProxy */;
		};
/* End PBXTargetDependency section */

/* Begin PBXVariantGroup section */
		A9DF3FCD1CE46AF2000EA6FB /* Main.storyboard */ = {
			isa = PBXVariantGroup;
			children = (
				A9DF3FCE1CE46AF2000EA6FB /* Base */,
			);
			name = Main.storyboard;
			sourceTree = "<group>";
		};
		A9DF3FD21CE46AF2000EA6FB /* LaunchScreen.storyboard */ = {
			isa = PBXVariantGroup;
			children = (
				A9DF3FD31CE46AF2000EA6FB /* Base */,
			);
			name = LaunchScreen.storyboard;
			sourceTree = "<group>";
		};
/* End PBXVariantGroup section */

/* Begin XCBuildConfiguration section */
		A9DF3FEC1CE46AF2000EA6FB /* Debug */ = {
			isa = XCBuildConfiguration;
			buildSettings = {
				ALWAYS_SEARCH_USER_PATHS = NO;
				CLANG_ANALYZER_NONNULL = YES;
				CLANG_CXX_LANGUAGE_STANDARD = "gnu++0x";
				CLANG_CXX_LIBRARY = "libc++";
				CLANG_ENABLE_MODULES = YES;
				CLANG_ENABLE_OBJC_ARC = YES;
				CLANG_WARN_BOOL_CONVERSION = YES;
				CLANG_WARN_CONSTANT_CONVERSION = YES;
				CLANG_WARN_DIRECT_OBJC_ISA_USAGE = YES_ERROR;
				CLANG_WARN_EMPTY_BODY = YES;
				CLANG_WARN_ENUM_CONVERSION = YES;
				CLANG_WARN_INT_CONVERSION = YES;
				CLANG_WARN_OBJC_ROOT_CLASS = YES_ERROR;
				CLANG_WARN_UNREACHABLE_CODE = YES;
				CLANG_WARN__DUPLICATE_METHOD_MATCH = YES;
				"CODE_SIGN_IDENTITY[sdk=iphoneos*]" = "iPhone Developer";
				COPY_PHASE_STRIP = NO;
				DEBUG_INFORMATION_FORMAT = dwarf;
				ENABLE_STRICT_OBJC_MSGSEND = YES;
				ENABLE_TESTABILITY = YES;
				GCC_C_LANGUAGE_STANDARD = gnu99;
				GCC_DYNAMIC_NO_PIC = NO;
				GCC_NO_COMMON_BLOCKS = YES;
				GCC_OPTIMIZATION_LEVEL = 0;
				GCC_PREPROCESSOR_DEFINITIONS = (
					"DEBUG=1",
					"$(inherited)",
				);
				GCC_WARN_64_TO_32_BIT_CONVERSION = YES;
				GCC_WARN_ABOUT_RETURN_TYPE = YES_ERROR;
				GCC_WARN_UNDECLARED_SELECTOR = YES;
				GCC_WARN_UNINITIALIZED_AUTOS = YES_AGGRESSIVE;
				GCC_WARN_UNUSED_FUNCTION = YES;
				GCC_WARN_UNUSED_VARIABLE = YES;
				IPHONEOS_DEPLOYMENT_TARGET = 9.3;
				MTL_ENABLE_DEBUG_INFO = YES;
				ONLY_ACTIVE_ARCH = YES;
				SDKROOT = iphoneos;
				SWIFT_OPTIMIZATION_LEVEL = "-Onone";
			};
			name = Debug;
		};
		A9DF3FED1CE46AF2000EA6FB /* Release */ = {
			isa = XCBuildConfiguration;
			buildSettings = {
				ALWAYS_SEARCH_USER_PATHS = NO;
				CLANG_ANALYZER_NONNULL = YES;
				CLANG_CXX_LANGUAGE_STANDARD = "gnu++0x";
				CLANG_CXX_LIBRARY = "libc++";
				CLANG_ENABLE_MODULES = YES;
				CLANG_ENABLE_OBJC_ARC = YES;
				CLANG_WARN_BOOL_CONVERSION = YES;
				CLANG_WARN_CONSTANT_CONVERSION = YES;
				CLANG_WARN_DIRECT_OBJC_ISA_USAGE = YES_ERROR;
				CLANG_WARN_EMPTY_BODY = YES;
				CLANG_WARN_ENUM_CONVERSION = YES;
				CLANG_WARN_INT_CONVERSION = YES;
				CLANG_WARN_OBJC_ROOT_CLASS = YES_ERROR;
				CLANG_WARN_UNREACHABLE_CODE = YES;
				CLANG_WARN__DUPLICATE_METHOD_MATCH = YES;
				"CODE_SIGN_IDENTITY[sdk=iphoneos*]" = "iPhone Developer";
				COPY_PHASE_STRIP = NO;
				DEBUG_INFORMATION_FORMAT = "dwarf-with-dsym";
				ENABLE_NS_ASSERTIONS = NO;
				ENABLE_STRICT_OBJC_MSGSEND = YES;
				GCC_C_LANGUAGE_STANDARD = gnu99;
				GCC_NO_COMMON_BLOCKS = YES;
				GCC_WARN_64_TO_32_BIT_CONVERSION = YES;
				GCC_WARN_ABOUT_RETURN_TYPE = YES_ERROR;
				GCC_WARN_UNDECLARED_SELECTOR = YES;
				GCC_WARN_UNINITIALIZED_AUTOS = YES_AGGRESSIVE;
				GCC_WARN_UNUSED_FUNCTION = YES;
				GCC_WARN_UNUSED_VARIABLE = YES;
				IPHONEOS_DEPLOYMENT_TARGET = 9.3;
				MTL_ENABLE_DEBUG_INFO = NO;
				SDKROOT = iphoneos;
				VALIDATE_PRODUCT = YES;
			};
			name = Release;
		};
		A9DF3FEF1CE46AF2000EA6FB /* Debug */ = {
			isa = XCBuildConfiguration;
			baseConfigurationReference = 67731C71E764CD896A339D74 /* Pods-Smultron.debug.xcconfig */;
			buildSettings = {
				ASSETCATALOG_COMPILER_APPICON_NAME = AppIcon;
				CODE_SIGN_IDENTITY = "iPhone Developer";
				"CODE_SIGN_IDENTITY[sdk=iphoneos*]" = "iPhone Developer";
				INFOPLIST_FILE = Smultron/Info.plist;
				LD_RUNPATH_SEARCH_PATHS = "$(inherited) @executable_path/Frameworks";
				PRODUCT_BUNDLE_IDENTIFIER = me.marcokoivisto.Smultron;
				PRODUCT_NAME = "$(TARGET_NAME)";
				PROVISIONING_PROFILE = "";
			};
			name = Debug;
		};
		A9DF3FF01CE46AF2000EA6FB /* Release */ = {
			isa = XCBuildConfiguration;
			baseConfigurationReference = D65E0CF3C014E31E0DC24046 /* Pods-Smultron.release.xcconfig */;
			buildSettings = {
				ASSETCATALOG_COMPILER_APPICON_NAME = AppIcon;
				CODE_SIGN_IDENTITY = "iPhone Developer";
				"CODE_SIGN_IDENTITY[sdk=iphoneos*]" = "iPhone Developer";
				INFOPLIST_FILE = Smultron/Info.plist;
				LD_RUNPATH_SEARCH_PATHS = "$(inherited) @executable_path/Frameworks";
				PRODUCT_BUNDLE_IDENTIFIER = me.marcokoivisto.Smultron;
				PRODUCT_NAME = "$(TARGET_NAME)";
				PROVISIONING_PROFILE = "";
			};
			name = Release;
		};
		A9DF3FF21CE46AF2000EA6FB /* Debug */ = {
			isa = XCBuildConfiguration;
			buildSettings = {
				BUNDLE_LOADER = "$(TEST_HOST)";
				INFOPLIST_FILE = SmultronTests/Info.plist;
				LD_RUNPATH_SEARCH_PATHS = "$(inherited) @executable_path/Frameworks @loader_path/Frameworks";
				PRODUCT_BUNDLE_IDENTIFIER = marcokoivisto.SmultronTests;
				PRODUCT_NAME = "$(TARGET_NAME)";
				TEST_HOST = "$(BUILT_PRODUCTS_DIR)/Smultron.app/Smultron";
			};
			name = Debug;
		};
		A9DF3FF31CE46AF2000EA6FB /* Release */ = {
			isa = XCBuildConfiguration;
			buildSettings = {
				BUNDLE_LOADER = "$(TEST_HOST)";
				INFOPLIST_FILE = SmultronTests/Info.plist;
				LD_RUNPATH_SEARCH_PATHS = "$(inherited) @executable_path/Frameworks @loader_path/Frameworks";
				PRODUCT_BUNDLE_IDENTIFIER = marcokoivisto.SmultronTests;
				PRODUCT_NAME = "$(TARGET_NAME)";
				TEST_HOST = "$(BUILT_PRODUCTS_DIR)/Smultron.app/Smultron";
			};
			name = Release;
		};
		A9DF3FF51CE46AF2000EA6FB /* Debug */ = {
			isa = XCBuildConfiguration;
			buildSettings = {
				INFOPLIST_FILE = SmultronUITests/Info.plist;
				LD_RUNPATH_SEARCH_PATHS = "$(inherited) @executable_path/Frameworks @loader_path/Frameworks";
				PRODUCT_BUNDLE_IDENTIFIER = marcokoivisto.SmultronUITests;
				PRODUCT_NAME = "$(TARGET_NAME)";
				TEST_TARGET_NAME = Smultron;
			};
			name = Debug;
		};
		A9DF3FF61CE46AF2000EA6FB /* Release */ = {
			isa = XCBuildConfiguration;
			buildSettings = {
				INFOPLIST_FILE = SmultronUITests/Info.plist;
				LD_RUNPATH_SEARCH_PATHS = "$(inherited) @executable_path/Frameworks @loader_path/Frameworks";
				PRODUCT_BUNDLE_IDENTIFIER = marcokoivisto.SmultronUITests;
				PRODUCT_NAME = "$(TARGET_NAME)";
				TEST_TARGET_NAME = Smultron;
			};
			name = Release;
		};
/* End XCBuildConfiguration section */

/* Begin XCConfigurationList section */
		A9DF3FBF1CE46AF1000EA6FB /* Build configuration list for PBXProject "Smultron" */ = {
			isa = XCConfigurationList;
			buildConfigurations = (
				A9DF3FEC1CE46AF2000EA6FB /* Debug */,
				A9DF3FED1CE46AF2000EA6FB /* Release */,
			);
			defaultConfigurationIsVisible = 0;
			defaultConfigurationName = Release;
		};
		A9DF3FEE1CE46AF2000EA6FB /* Build configuration list for PBXNativeTarget "Smultron" */ = {
			isa = XCConfigurationList;
			buildConfigurations = (
				A9DF3FEF1CE46AF2000EA6FB /* Debug */,
				A9DF3FF01CE46AF2000EA6FB /* Release */,
			);
			defaultConfigurationIsVisible = 0;
			defaultConfigurationName = Release;
		};
		A9DF3FF11CE46AF2000EA6FB /* Build configuration list for PBXNativeTarget "SmultronTests" */ = {
			isa = XCConfigurationList;
			buildConfigurations = (
				A9DF3FF21CE46AF2000EA6FB /* Debug */,
				A9DF3FF31CE46AF2000EA6FB /* Release */,
			);
			defaultConfigurationIsVisible = 0;
			defaultConfigurationName = Release;
		};
		A9DF3FF41CE46AF2000EA6FB /* Build configuration list for PBXNativeTarget "SmultronUITests" */ = {
			isa = XCConfigurationList;
			buildConfigurations = (
				A9DF3FF51CE46AF2000EA6FB /* Debug */,
				A9DF3FF61CE46AF2000EA6FB /* Release */,
			);
			defaultConfigurationIsVisible = 0;
			defaultConfigurationName = Release;
		};
/* End XCConfigurationList section */
	};
	rootObject = A9DF3FBC1CE46AF1000EA6FB /* Project object */;
}
